<?xml version="1.0" encoding="utf-8"?>
<Project ToolsVersion="4.0" xmlns="http://schemas.microsoft.com/developer/msbuild/2003">
  <ItemGroup>
    <Filter Include="Application">
      <UniqueIdentifier>{a0236e9c-b0cc-4681-95b2-69b0b2a8ee39}</UniqueIdentifier>
    </Filter>
    <Filter Include="Functions">
      <UniqueIdentifier>{ca1e50e0-0503-4ce9-8b55-e9978944e323}</UniqueIdentifier>
    </Filter>
  </ItemGroup>
  <ItemGroup>
    <ClCompile Include="prog.cpp">
      <Filter>Application</Filter>
    </ClCompile>
    <ClCompile Include="function.cpp">
      <Filter>Functions</Filter>
    </ClCompile>
  </ItemGroup>
  <ItemGroup>
    <ClInclude Include="function.h">
      <Filter>Application</Filter>
    </ClInclude>
  </ItemGroup>
</Project>